{
    "name": "layer",
    "version": "1.0.0",
    "lockfileVersion": 3,
    "requires": true,
    "packages": {
        "": {
            "name": "layer",
            "version": "1.0.0",
            "dependencies": {
                "@types/aws-lambda": "^8.10.119",
                "class-validator": "^0.14.0",
                "luxon": "^3.3.0"
            }
        },
        "node_modules/@types/aws-lambda": {
            "version": "8.10.119",
            "resolved": "https://registry.npmjs.org/@types/aws-lambda/-/aws-lambda-8.10.119.tgz",
            "integrity": "sha512-Vqm22aZrCvCd6I5g1SvpW151jfqwTzEZ7XJ3yZ6xaZG31nUEOEyzzVImjRcsN8Wi/QyPxId/x8GTtgIbsy8kEw=="
        },
        "node_modules/@types/validator": {
            "version": "13.7.17",
            "resolved": "https://registry.npmjs.org/@types/validator/-/validator-13.7.17.tgz",
            "integrity": "sha512-aqayTNmeWrZcvnG2MG9eGYI6b7S5fl+yKgPs6bAjOTwPS316R5SxBGKvtSExfyoJU7pIeHJfsHI0Ji41RVMkvQ=="
        },
        "node_modules/class-validator": {
            "version": "0.14.0",
            "resolved": "https://registry.npmjs.org/class-validator/-/class-validator-0.14.0.tgz",
            "integrity": "sha512-ct3ltplN8I9fOwUd8GrP8UQixwff129BkEtuWDKL5W45cQuLd19xqmTLu5ge78YDm/fdje6FMt0hGOhl0lii3A==",
            "dependencies": {
                "@types/validator": "^13.7.10",
                "libphonenumber-js": "^1.10.14",
                "validator": "^13.7.0"
            }
        },
        "node_modules/libphonenumber-js": {
            "version": "1.10.36",
            "resolved": "https://registry.npmjs.org/libphonenumber-js/-/libphonenumber-js-1.10.36.tgz",
            "integrity": "sha512-NCPWES1poiS4NSzIS49mxHM5hCkSWov8wFICRKfL9narzimqAXlnAgNloHCt0BukZHbWt8TIStCdzLy7LXBYpQ=="
        },
        "node_modules/luxon": {
            "version": "3.3.0",
            "resolved": "https://registry.npmjs.org/luxon/-/luxon-3.3.0.tgz",
            "integrity": "sha512-An0UCfG/rSiqtAIiBPO0Y9/zAnHUZxAMiCpTd5h2smgsj7GGmcenvrvww2cqNA8/4A5ZrD1gJpHN2mIHZQF+Mg==",
            "engines": {
                "node": ">=12"
            }
        },
        "node_modules/validator": {
            "version": "13.9.0",
            "resolved": "https://registry.npmjs.org/validator/-/validator-13.9.0.tgz",
            "integrity": "sha512-B+dGG8U3fdtM0/aNK4/X8CXq/EcxU2WPrPEkJGslb47qyHsxmbggTWK0yEA4qnYVNF+nxNlN88o14hIcPmSIEA==",
            "engines": {
                "node": ">= 0.10"
            }
        }
    }
}
